Microsoft Visual Studio Solution File, Format Version 12.00
# Visual Studio Version 17
VisualStudioVersion = 17.5.2.0
MinimumVisualStudioVersion = 10.0.40219.1
Project("{2150E333-8FDC-42A3-9474-1A3956D46DE8}") = "Backend", "Backend", "{1AE8ACA6-933B-BF2A-3671-3E2EAC007D16}"
EndProject
Project("{FAE04EC0-301F-11D3-BF4B-00C04F79EFBC}") = "EventReminder.API", "Backend\EventReminder.API\EventReminder.API.csproj", "{DE23480E-A5A3-A39D-595C-3CB9D66B8969}"
EndProject
Global
	GlobalSection(SolutionConfigurationPlatforms) = preSolution
		Debug|Any CPU = Debug|Any CPU
		Release|Any CPU = Release|Any CPU
	EndGlobalSection
	GlobalSection(ProjectConfigurationPlatforms) = postSolution
		{DE23480E-A5A3-A39D-595C-3CB9D66B8969}.Debug|Any CPU.ActiveCfg = Debug|Any CPU
		{DE23480E-A5A3-A39D-595C-3CB9D66B8969}.Debug|Any CPU.Build.0 = Debug|Any CPU
		{DE23480E-A5A3-A39D-595C-3CB9D66B8969}.Release|Any CPU.ActiveCfg = Release|Any CPU
		{DE23480E-A5A3-A39D-595C-3CB9D66B8969}.Release|Any CPU.Build.0 = Release|Any CPU
	EndGlobalSection
	GlobalSection(SolutionProperties) = preSolution
		HideSolutionNode = FALSE
	EndGlobalSection
	GlobalSection(NestedProjects) = preSolution
		{DE23480E-A5A3-A39D-595C-3CB9D66B8969} = {1AE8ACA6-933B-BF2A-3671-3E2EAC007D16}
	EndGlobalSection
	GlobalSection(ExtensibilityGlobals) = postSolution
		SolutionGuid = {085D86A1-DF1A-401C-BFF8-92477EBAD472}
	EndGlobalSection
EndGlobal
